// !$*UTF8*$!
{
	archiveVersion = 1;
	classes = {
	};
	objectVersion = 55;
	objects = {

/* Begin PBXBuildFile section */
		E442927A27D004F300B60B6A /* UserInfoViewController.swift in Sources */ = {isa = PBXBuildFile; fileRef = E442927927D004F300B60B6A /* UserInfoViewController.swift */; };
		E442927C27D0A46300B60B6A /* SecondaryTitleLabel.swift in Sources */ = {isa = PBXBuildFile; fileRef = E442927B27D0A46300B60B6A /* SecondaryTitleLabel.swift */; };
		E442927E27D0A57500B60B6A /* UserInfoHeaderViewController.swift in Sources */ = {isa = PBXBuildFile; fileRef = E442927D27D0A57500B60B6A /* UserInfoHeaderViewController.swift */; };
		E442928027D0ABC300B60B6A /* Constants.swift in Sources */ = {isa = PBXBuildFile; fileRef = E442927F27D0ABC300B60B6A /* Constants.swift */; };
		E442928227D15B7700B60B6A /* ItemInfoView.swift in Sources */ = {isa = PBXBuildFile; fileRef = E442928127D15B7700B60B6A /* ItemInfoView.swift */; };
		E442928427D1607300B60B6A /* ItemInfoViewController.swift in Sources */ = {isa = PBXBuildFile; fileRef = E442928327D1607300B60B6A /* ItemInfoViewController.swift */; };
		E442928627D163A900B60B6A /* ProfileItemInfoViewController.swift in Sources */ = {isa = PBXBuildFile; fileRef = E442928527D163A900B60B6A /* ProfileItemInfoViewController.swift */; };
		E442928827D1658300B60B6A /* FollowersItemInfoViewController.swift in Sources */ = {isa = PBXBuildFile; fileRef = E442928727D1658300B60B6A /* FollowersItemInfoViewController.swift */; };
		E458D93D27CED6CF00463B58 /* EmptyStateView.swift in Sources */ = {isa = PBXBuildFile; fileRef = E458D93C27CED6CF00463B58 /* EmptyStateView.swift */; };
		E49D272327D16E3700865B65 /* Date+.swift in Sources */ = {isa = PBXBuildFile; fileRef = E49D272227D16E3700865B65 /* Date+.swift */; };
		E49D272527D16E8D00865B65 /* String+.swift in Sources */ = {isa = PBXBuildFile; fileRef = E49D272427D16E8D00865B65 /* String+.swift */; };
		E4DEE17627DA66E100B7F393 /* PersistenceManager.swift in Sources */ = {isa = PBXBuildFile; fileRef = E4DEE17527DA66E100B7F393 /* PersistenceManager.swift */; };
		E4DEE17827DA68A000B7F393 /* PersistenceError.swift in Sources */ = {isa = PBXBuildFile; fileRef = E4DEE17727DA68A000B7F393 /* PersistenceError.swift */; };
		E4DEE17A27DA958200B7F393 /* FavoriteCell.swift in Sources */ = {isa = PBXBuildFile; fileRef = E4DEE17927DA958200B7F393 /* FavoriteCell.swift */; };
		E4F3895327BCE35B00B2ECEF /* AppDelegate.swift in Sources */ = {isa = PBXBuildFile; fileRef = E4F3895227BCE35B00B2ECEF /* AppDelegate.swift */; };
		E4F3895527BCE35B00B2ECEF /* SceneDelegate.swift in Sources */ = {isa = PBXBuildFile; fileRef = E4F3895427BCE35B00B2ECEF /* SceneDelegate.swift */; };
		E4F3895C27BCE35C00B2ECEF /* Assets.xcassets in Resources */ = {isa = PBXBuildFile; fileRef = E4F3895B27BCE35C00B2ECEF /* Assets.xcassets */; };
		E4F3895F27BCE35C00B2ECEF /* LaunchScreen.storyboard in Resources */ = {isa = PBXBuildFile; fileRef = E4F3895D27BCE35C00B2ECEF /* LaunchScreen.storyboard */; };
		E4F3896A27BCE47900B2ECEF /* FavoritesViewController.swift in Sources */ = {isa = PBXBuildFile; fileRef = E4F3896927BCE47900B2ECEF /* FavoritesViewController.swift */; };
		E4F3896C27BCE5DA00B2ECEF /* SearchViewController.swift in Sources */ = {isa = PBXBuildFile; fileRef = E4F3896B27BCE5DA00B2ECEF /* SearchViewController.swift */; };
		E4F3896E27BCEEF600B2ECEF /* Button.swift in Sources */ = {isa = PBXBuildFile; fileRef = E4F3896D27BCEEF600B2ECEF /* Button.swift */; };
		E4F3897027BCF2C000B2ECEF /* TextField.swift in Sources */ = {isa = PBXBuildFile; fileRef = E4F3896F27BCF2C000B2ECEF /* TextField.swift */; };
		E4F3897227BD57DF00B2ECEF /* FollowersViewController.swift in Sources */ = {isa = PBXBuildFile; fileRef = E4F3897127BD57DF00B2ECEF /* FollowersViewController.swift */; };
		E4F3897527BD5C4C00B2ECEF /* TitleLabel.swift in Sources */ = {isa = PBXBuildFile; fileRef = E4F3897427BD5C4C00B2ECEF /* TitleLabel.swift */; };
		E4F3897727BD5D9200B2ECEF /* BodyLabel.swift in Sources */ = {isa = PBXBuildFile; fileRef = E4F3897627BD5D9200B2ECEF /* BodyLabel.swift */; };
		E4F3897927BD5E5F00B2ECEF /* AlertViewController.swift in Sources */ = {isa = PBXBuildFile; fileRef = E4F3897827BD5E5F00B2ECEF /* AlertViewController.swift */; };
		E4F3897B27BD63B700B2ECEF /* UIViewController+.swift in Sources */ = {isa = PBXBuildFile; fileRef = E4F3897A27BD63B700B2ECEF /* UIViewController+.swift */; };
		E4F3897E27BD7AA700B2ECEF /* Follower.swift in Sources */ = {isa = PBXBuildFile; fileRef = E4F3897D27BD7AA700B2ECEF /* Follower.swift */; };
		E4F3898027BD7B6800B2ECEF /* User.swift in Sources */ = {isa = PBXBuildFile; fileRef = E4F3897F27BD7B6800B2ECEF /* User.swift */; };
		E4F3898327BD7EEE00B2ECEF /* NetworkManager.swift in Sources */ = {isa = PBXBuildFile; fileRef = E4F3898227BD7EEE00B2ECEF /* NetworkManager.swift */; };
		E4F3898627BD896F00B2ECEF /* NetworkError.swift in Sources */ = {isa = PBXBuildFile; fileRef = E4F3898527BD896F00B2ECEF /* NetworkError.swift */; };
		E4F3898827BE4F6F00B2ECEF /* FollowerCollectionViewCell.swift in Sources */ = {isa = PBXBuildFile; fileRef = E4F3898727BE4F6F00B2ECEF /* FollowerCollectionViewCell.swift */; };
		E4F3898A27BE4FD900B2ECEF /* AvatarImageView.swift in Sources */ = {isa = PBXBuildFile; fileRef = E4F3898927BE4FD900B2ECEF /* AvatarImageView.swift */; };
/* End PBXBuildFile section */

/* Begin PBXFileReference section */
		E442927927D004F300B60B6A /* UserInfoViewController.swift */ = {isa = PBXFileReference; lastKnownFileType = sourcecode.swift; path = UserInfoViewController.swift; sourceTree = "<group>"; };
		E442927B27D0A46300B60B6A /* SecondaryTitleLabel.swift */ = {isa = PBXFileReference; lastKnownFileType = sourcecode.swift; path = SecondaryTitleLabel.swift; sourceTree = "<group>"; };
		E442927D27D0A57500B60B6A /* UserInfoHeaderViewController.swift */ = {isa = PBXFileReference; lastKnownFileType = sourcecode.swift; path = UserInfoHeaderViewController.swift; sourceTree = "<group>"; };
		E442927F27D0ABC300B60B6A /* Constants.swift */ = {isa = PBXFileReference; lastKnownFileType = sourcecode.swift; path = Constants.swift; sourceTree = "<group>"; };
		E442928127D15B7700B60B6A /* ItemInfoView.swift */ = {isa = PBXFileReference; lastKnownFileType = sourcecode.swift; path = ItemInfoView.swift; sourceTree = "<group>"; };
		E442928327D1607300B60B6A /* ItemInfoViewController.swift */ = {isa = PBXFileReference; lastKnownFileType = sourcecode.swift; path = ItemInfoViewController.swift; sourceTree = "<group>"; };
		E442928527D163A900B60B6A /* ProfileItemInfoViewController.swift */ = {isa = PBXFileReference; lastKnownFileType = sourcecode.swift; path = ProfileItemInfoViewController.swift; sourceTree = "<group>"; };
		E442928727D1658300B60B6A /* FollowersItemInfoViewController.swift */ = {isa = PBXFileReference; lastKnownFileType = sourcecode.swift; path = FollowersItemInfoViewController.swift; sourceTree = "<group>"; };
		E458D93C27CED6CF00463B58 /* EmptyStateView.swift */ = {isa = PBXFileReference; lastKnownFileType = sourcecode.swift; path = EmptyStateView.swift; sourceTree = "<group>"; };
		E49D272227D16E3700865B65 /* Date+.swift */ = {isa = PBXFileReference; lastKnownFileType = sourcecode.swift; path = "Date+.swift"; sourceTree = "<group>"; };
		E49D272427D16E8D00865B65 /* String+.swift */ = {isa = PBXFileReference; lastKnownFileType = sourcecode.swift; path = "String+.swift"; sourceTree = "<group>"; };
		E4DEE17527DA66E100B7F393 /* PersistenceManager.swift */ = {isa = PBXFileReference; lastKnownFileType = sourcecode.swift; path = PersistenceManager.swift; sourceTree = "<group>"; };
		E4DEE17727DA68A000B7F393 /* PersistenceError.swift */ = {isa = PBXFileReference; lastKnownFileType = sourcecode.swift; path = PersistenceError.swift; sourceTree = "<group>"; };
		E4DEE17927DA958200B7F393 /* FavoriteCell.swift */ = {isa = PBXFileReference; lastKnownFileType = sourcecode.swift; path = FavoriteCell.swift; sourceTree = "<group>"; };
		E4F3894F27BCE35B00B2ECEF /* Github-Followers.app */ = {isa = PBXFileReference; explicitFileType = wrapper.application; includeInIndex = 0; path = "Github-Followers.app"; sourceTree = BUILT_PRODUCTS_DIR; };
		E4F3895227BCE35B00B2ECEF /* AppDelegate.swift */ = {isa = PBXFileReference; lastKnownFileType = sourcecode.swift; path = AppDelegate.swift; sourceTree = "<group>"; };
		E4F3895427BCE35B00B2ECEF /* SceneDelegate.swift */ = {isa = PBXFileReference; lastKnownFileType = sourcecode.swift; path = SceneDelegate.swift; sourceTree = "<group>"; };
		E4F3895B27BCE35C00B2ECEF /* Assets.xcassets */ = {isa = PBXFileReference; lastKnownFileType = folder.assetcatalog; path = Assets.xcassets; sourceTree = "<group>"; };
		E4F3895E27BCE35C00B2ECEF /* Base */ = {isa = PBXFileReference; lastKnownFileType = file.storyboard; name = Base; path = Base.lproj/LaunchScreen.storyboard; sourceTree = "<group>"; };
		E4F3896027BCE35C00B2ECEF /* Info.plist */ = {isa = PBXFileReference; lastKnownFileType = text.plist.xml; path = Info.plist; sourceTree = "<group>"; };
		E4F3896927BCE47900B2ECEF /* FavoritesViewController.swift */ = {isa = PBXFileReference; lastKnownFileType = sourcecode.swift; path = FavoritesViewController.swift; sourceTree = "<group>"; };
		E4F3896B27BCE5DA00B2ECEF /* SearchViewController.swift */ = {isa = PBXFileReference; lastKnownFileType = sourcecode.swift; path = SearchViewController.swift; sourceTree = "<group>"; };
		E4F3896D27BCEEF600B2ECEF /* Button.swift */ = {isa = PBXFileReference; lastKnownFileType = sourcecode.swift; path = Button.swift; sourceTree = "<group>"; };
		E4F3896F27BCF2C000B2ECEF /* TextField.swift */ = {isa = PBXFileReference; lastKnownFileType = sourcecode.swift; path = TextField.swift; sourceTree = "<group>"; };
		E4F3897127BD57DF00B2ECEF /* FollowersViewController.swift */ = {isa = PBXFileReference; lastKnownFileType = sourcecode.swift; path = FollowersViewController.swift; sourceTree = "<group>"; };
		E4F3897427BD5C4C00B2ECEF /* TitleLabel.swift */ = {isa = PBXFileReference; lastKnownFileType = sourcecode.swift; path = TitleLabel.swift; sourceTree = "<group>"; };
		E4F3897627BD5D9200B2ECEF /* BodyLabel.swift */ = {isa = PBXFileReference; lastKnownFileType = sourcecode.swift; path = BodyLabel.swift; sourceTree = "<group>"; };
		E4F3897827BD5E5F00B2ECEF /* AlertViewController.swift */ = {isa = PBXFileReference; lastKnownFileType = sourcecode.swift; path = AlertViewController.swift; sourceTree = "<group>"; };
		E4F3897A27BD63B700B2ECEF /* UIViewController+.swift */ = {isa = PBXFileReference; lastKnownFileType = sourcecode.swift; path = "UIViewController+.swift"; sourceTree = "<group>"; };
		E4F3897D27BD7AA700B2ECEF /* Follower.swift */ = {isa = PBXFileReference; lastKnownFileType = sourcecode.swift; path = Follower.swift; sourceTree = "<group>"; };
		E4F3897F27BD7B6800B2ECEF /* User.swift */ = {isa = PBXFileReference; lastKnownFileType = sourcecode.swift; path = User.swift; sourceTree = "<group>"; };
		E4F3898227BD7EEE00B2ECEF /* NetworkManager.swift */ = {isa = PBXFileReference; lastKnownFileType = sourcecode.swift; path = NetworkManager.swift; sourceTree = "<group>"; };
		E4F3898527BD896F00B2ECEF /* NetworkError.swift */ = {isa = PBXFileReference; lastKnownFileType = sourcecode.swift; path = NetworkError.swift; sourceTree = "<group>"; };
		E4F3898727BE4F6F00B2ECEF /* FollowerCollectionViewCell.swift */ = {isa = PBXFileReference; lastKnownFileType = sourcecode.swift; path = FollowerCollectionViewCell.swift; sourceTree = "<group>"; };
		E4F3898927BE4FD900B2ECEF /* AvatarImageView.swift */ = {isa = PBXFileReference; lastKnownFileType = sourcecode.swift; path = AvatarImageView.swift; sourceTree = "<group>"; };
/* End PBXFileReference section */

/* Begin PBXFrameworksBuildPhase section */
		E4F3894C27BCE35B00B2ECEF /* Frameworks */ = {
			isa = PBXFrameworksBuildPhase;
			buildActionMask = 2147483647;
			files = (
			);
			runOnlyForDeploymentPostprocessing = 0;
		};
/* End PBXFrameworksBuildPhase section */

/* Begin PBXGroup section */
		E458D93B27CED66E00463B58 /* Views */ = {
			isa = PBXGroup;
			children = (
				E458D93C27CED6CF00463B58 /* EmptyStateView.swift */,
				E442928127D15B7700B60B6A /* ItemInfoView.swift */,
			);
			path = Views;
			sourceTree = "<group>";
		};
		E4F3894627BCE35B00B2ECEF = {
			isa = PBXGroup;
			children = (
				E4F3895127BCE35B00B2ECEF /* Github-Followers */,
				E4F3895027BCE35B00B2ECEF /* Products */,
			);
			sourceTree = "<group>";
		};
		E4F3895027BCE35B00B2ECEF /* Products */ = {
			isa = PBXGroup;
			children = (
				E4F3894F27BCE35B00B2ECEF /* Github-Followers.app */,
			);
			name = Products;
			sourceTree = "<group>";
		};
		E4F3895127BCE35B00B2ECEF /* Github-Followers */ = {
			isa = PBXGroup;
			children = (
				E4F3898427BD895500B2ECEF /* Utilities */,
				E4F3898127BD7EDC00B2ECEF /* Managers */,
				E4F3897327BD5B4700B2ECEF /* Extensions */,
				E4F3896827BCE44F00B2ECEF /* Models */,
				E4F3896727BCE44200B2ECEF /* Views */,
				E4F3896627BCE42F00B2ECEF /* Controllers */,
				E4F3897C27BD66A900B2ECEF /* SupportingFiles */,
			);
			path = "Github-Followers";
			sourceTree = "<group>";
		};
		E4F3896627BCE42F00B2ECEF /* Controllers */ = {
			isa = PBXGroup;
			children = (
				E4F3896927BCE47900B2ECEF /* FavoritesViewController.swift */,
				E4F3896B27BCE5DA00B2ECEF /* SearchViewController.swift */,
				E4F3897127BD57DF00B2ECEF /* FollowersViewController.swift */,
				E442927927D004F300B60B6A /* UserInfoViewController.swift */,
			);
			path = Controllers;
			sourceTree = "<group>";
		};
		E4F3896727BCE44200B2ECEF /* Views */ = {
			isa = PBXGroup;
			children = (
				E458D93B27CED66E00463B58 /* Views */,
				E4F3899027BEACD900B2ECEF /* ImageViews */,
				E4F3898F27BEACBE00B2ECEF /* Cells */,
				E4F3898E27BEACB300B2ECEF /* ViewControllers */,
				E4F3898D27BEACA600B2ECEF /* Labels */,
				E4F3898C27BEAC9F00B2ECEF /* TextFields */,
				E4F3898B27BEAC9800B2ECEF /* Buttons */,
			);
			path = Views;
			sourceTree = "<group>";
		};
		E4F3896827BCE44F00B2ECEF /* Models */ = {
			isa = PBXGroup;
			children = (
				E4F3897D27BD7AA700B2ECEF /* Follower.swift */,
				E4F3897F27BD7B6800B2ECEF /* User.swift */,
			);
			path = Models;
			sourceTree = "<group>";
		};
		E4F3897327BD5B4700B2ECEF /* Extensions */ = {
			isa = PBXGroup;
			children = (
				E4F3897A27BD63B700B2ECEF /* UIViewController+.swift */,
				E49D272227D16E3700865B65 /* Date+.swift */,
				E49D272427D16E8D00865B65 /* String+.swift */,
			);
			path = Extensions;
			sourceTree = "<group>";
		};
		E4F3897C27BD66A900B2ECEF /* SupportingFiles */ = {
			isa = PBXGroup;
			children = (
				E4F3895227BCE35B00B2ECEF /* AppDelegate.swift */,
				E4F3895427BCE35B00B2ECEF /* SceneDelegate.swift */,
				E4F3895B27BCE35C00B2ECEF /* Assets.xcassets */,
				E4F3895D27BCE35C00B2ECEF /* LaunchScreen.storyboard */,
				E4F3896027BCE35C00B2ECEF /* Info.plist */,
			);
			path = SupportingFiles;
			sourceTree = "<group>";
		};
		E4F3898127BD7EDC00B2ECEF /* Managers */ = {
			isa = PBXGroup;
			children = (
				E4F3898227BD7EEE00B2ECEF /* NetworkManager.swift */,
				E4DEE17527DA66E100B7F393 /* PersistenceManager.swift */,
			);
			path = Managers;
			sourceTree = "<group>";
		};
		E4F3898427BD895500B2ECEF /* Utilities */ = {
			isa = PBXGroup;
			children = (
				E4F3898527BD896F00B2ECEF /* NetworkError.swift */,
				E442927F27D0ABC300B60B6A /* Constants.swift */,
				E4DEE17727DA68A000B7F393 /* PersistenceError.swift */,
			);
			path = Utilities;
			sourceTree = "<group>";
		};
		E4F3898B27BEAC9800B2ECEF /* Buttons */ = {
			isa = PBXGroup;
			children = (
				E4F3896D27BCEEF600B2ECEF /* Button.swift */,
			);
			path = Buttons;
			sourceTree = "<group>";
		};
		E4F3898C27BEAC9F00B2ECEF /* TextFields */ = {
			isa = PBXGroup;
			children = (
				E4F3896F27BCF2C000B2ECEF /* TextField.swift */,
			);
			path = TextFields;
			sourceTree = "<group>";
		};
		E4F3898D27BEACA600B2ECEF /* Labels */ = {
			isa = PBXGroup;
			children = (
				E4F3897627BD5D9200B2ECEF /* BodyLabel.swift */,
				E4F3897427BD5C4C00B2ECEF /* TitleLabel.swift */,
				E442927B27D0A46300B60B6A /* SecondaryTitleLabel.swift */,
			);
			path = Labels;
			sourceTree = "<group>";
		};
		E4F3898E27BEACB300B2ECEF /* ViewControllers */ = {
			isa = PBXGroup;
			children = (
				E4F3897827BD5E5F00B2ECEF /* AlertViewController.swift */,
				E442927D27D0A57500B60B6A /* UserInfoHeaderViewController.swift */,
				E442928327D1607300B60B6A /* ItemInfoViewController.swift */,
				E442928527D163A900B60B6A /* ProfileItemInfoViewController.swift */,
				E442928727D1658300B60B6A /* FollowersItemInfoViewController.swift */,
			);
			path = ViewControllers;
			sourceTree = "<group>";
		};
		E4F3898F27BEACBE00B2ECEF /* Cells */ = {
			isa = PBXGroup;
			children = (
				E4F3898727BE4F6F00B2ECEF /* FollowerCollectionViewCell.swift */,
				E4DEE17927DA958200B7F393 /* FavoriteCell.swift */,
			);
			path = Cells;
			sourceTree = "<group>";
		};
		E4F3899027BEACD900B2ECEF /* ImageViews */ = {
			isa = PBXGroup;
			children = (
				E4F3898927BE4FD900B2ECEF /* AvatarImageView.swift */,
			);
			path = ImageViews;
			sourceTree = "<group>";
		};
/* End PBXGroup section */

/* Begin PBXNativeTarget section */
		E4F3894E27BCE35B00B2ECEF /* Github-Followers */ = {
			isa = PBXNativeTarget;
			buildConfigurationList = E4F3896327BCE35C00B2ECEF /* Build configuration list for PBXNativeTarget "Github-Followers" */;
			buildPhases = (
				E4F3894B27BCE35B00B2ECEF /* Sources */,
				E4F3894C27BCE35B00B2ECEF /* Frameworks */,
				E4F3894D27BCE35B00B2ECEF /* Resources */,
			);
			buildRules = (
			);
			dependencies = (
			);
			name = "Github-Followers";
			productName = "Github-Followers";
			productReference = E4F3894F27BCE35B00B2ECEF /* Github-Followers.app */;
			productType = "com.apple.product-type.application";
		};
/* End PBXNativeTarget section */

/* Begin PBXProject section */
		E4F3894727BCE35B00B2ECEF /* Project object */ = {
			isa = PBXProject;
			attributes = {
				BuildIndependentTargetsInParallel = 1;
				LastSwiftUpdateCheck = 1320;
				LastUpgradeCheck = 1320;
				TargetAttributes = {
					E4F3894E27BCE35B00B2ECEF = {
						CreatedOnToolsVersion = 13.2.1;
					};
				};
			};
			buildConfigurationList = E4F3894A27BCE35B00B2ECEF /* Build configuration list for PBXProject "Github-Followers" */;
			compatibilityVersion = "Xcode 13.0";
			developmentRegion = en;
			hasScannedForEncodings = 0;
			knownRegions = (
				en,
				Base,
			);
			mainGroup = E4F3894627BCE35B00B2ECEF;
			productRefGroup = E4F3895027BCE35B00B2ECEF /* Products */;
			projectDirPath = "";
			projectRoot = "";
			targets = (
				E4F3894E27BCE35B00B2ECEF /* Github-Followers */,
			);
		};
/* End PBXProject section */

/* Begin PBXResourcesBuildPhase section */
		E4F3894D27BCE35B00B2ECEF /* Resources */ = {
			isa = PBXResourcesBuildPhase;
			buildActionMask = 2147483647;
			files = (
				E4F3895F27BCE35C00B2ECEF /* LaunchScreen.storyboard in Resources */,
				E4F3895C27BCE35C00B2ECEF /* Assets.xcassets in Resources */,
			);
			runOnlyForDeploymentPostprocessing = 0;
		};
/* End PBXResourcesBuildPhase section */

/* Begin PBXSourcesBuildPhase section */
		E4F3894B27BCE35B00B2ECEF /* Sources */ = {
			isa = PBXSourcesBuildPhase;
			buildActionMask = 2147483647;
			files = (
				E458D93D27CED6CF00463B58 /* EmptyStateView.swift in Sources */,
				E442928027D0ABC300B60B6A /* Constants.swift in Sources */,
				E4F3898027BD7B6800B2ECEF /* User.swift in Sources */,
				E442928627D163A900B60B6A /* ProfileItemInfoViewController.swift in Sources */,
				E4F3896C27BCE5DA00B2ECEF /* SearchViewController.swift in Sources */,
				E4F3897B27BD63B700B2ECEF /* UIViewController+.swift in Sources */,
				E4F3896E27BCEEF600B2ECEF /* Button.swift in Sources */,
				E442928827D1658300B60B6A /* FollowersItemInfoViewController.swift in Sources */,
				E4F3895327BCE35B00B2ECEF /* AppDelegate.swift in Sources */,
				E49D272327D16E3700865B65 /* Date+.swift in Sources */,
				E4F3898A27BE4FD900B2ECEF /* AvatarImageView.swift in Sources */,
				E4F3897227BD57DF00B2ECEF /* FollowersViewController.swift in Sources */,
				E4F3897927BD5E5F00B2ECEF /* AlertViewController.swift in Sources */,
				E4F3898827BE4F6F00B2ECEF /* FollowerCollectionViewCell.swift in Sources */,
				E4DEE17A27DA958200B7F393 /* FavoriteCell.swift in Sources */,
				E4F3898627BD896F00B2ECEF /* NetworkError.swift in Sources */,
				E4F3896A27BCE47900B2ECEF /* FavoritesViewController.swift in Sources */,
				E4F3897E27BD7AA700B2ECEF /* Follower.swift in Sources */,
				E442928227D15B7700B60B6A /* ItemInfoView.swift in Sources */,
				E4F3897527BD5C4C00B2ECEF /* TitleLabel.swift in Sources */,
				E4F3898327BD7EEE00B2ECEF /* NetworkManager.swift in Sources */,
				E442928427D1607300B60B6A /* ItemInfoViewController.swift in Sources */,
				E4F3895527BCE35B00B2ECEF /* SceneDelegate.swift in Sources */,
				E4DEE17627DA66E100B7F393 /* PersistenceManager.swift in Sources */,
				E4F3897027BCF2C000B2ECEF /* TextField.swift in Sources */,
				E4F3897727BD5D9200B2ECEF /* BodyLabel.swift in Sources */,
				E4DEE17827DA68A000B7F393 /* PersistenceError.swift in Sources */,
				E442927C27D0A46300B60B6A /* SecondaryTitleLabel.swift in Sources */,
				E442927A27D004F300B60B6A /* UserInfoViewController.swift in Sources */,
				E49D272527D16E8D00865B65 /* String+.swift in Sources */,
				E442927E27D0A57500B60B6A /* UserInfoHeaderViewController.swift in Sources */,
			);
			runOnlyForDeploymentPostprocessing = 0;
		};
/* End PBXSourcesBuildPhase section */

/* Begin PBXVariantGroup section */
		E4F3895D27BCE35C00B2ECEF /* LaunchScreen.storyboard */ = {
			isa = PBXVariantGroup;
			children = (
				E4F3895E27BCE35C00B2ECEF /* Base */,
			);
			name = LaunchScreen.storyboard;
			sourceTree = "<group>";
		};
/* End PBXVariantGroup section */

/* Begin XCBuildConfiguration section */
		E4F3896127BCE35C00B2ECEF /* Debug */ = {
			isa = XCBuildConfiguration;
			buildSettings = {
				ALWAYS_SEARCH_USER_PATHS = NO;
				CLANG_ANALYZER_NONNULL = YES;
				CLANG_ANALYZER_NUMBER_OBJECT_CONVERSION = YES_AGGRESSIVE;
				CLANG_CXX_LANGUAGE_STANDARD = "gnu++17";
				CLANG_CXX_LIBRARY = "libc++";
				CLANG_ENABLE_MODULES = YES;
				CLANG_ENABLE_OBJC_ARC = YES;
				CLANG_ENABLE_OBJC_WEAK = YES;
				CLANG_WARN_BLOCK_CAPTURE_AUTORELEASING = YES;
				CLANG_WARN_BOOL_CONVERSION = YES;
				CLANG_WARN_COMMA = YES;
				CLANG_WARN_CONSTANT_CONVERSION = YES;
				CLANG_WARN_DEPRECATED_OBJC_IMPLEMENTATIONS = YES;
				CLANG_WARN_DIRECT_OBJC_ISA_USAGE = YES_ERROR;
				CLANG_WARN_DOCUMENTATION_COMMENTS = YES;
				CLANG_WARN_EMPTY_BODY = YES;
				CLANG_WARN_ENUM_CONVERSION = YES;
				CLANG_WARN_INFINITE_RECURSION = YES;
				CLANG_WARN_INT_CONVERSION = YES;
				CLANG_WARN_NON_LITERAL_NULL_CONVERSION = YES;
				CLANG_WARN_OBJC_IMPLICIT_RETAIN_SELF = YES;
				CLANG_WARN_OBJC_LITERAL_CONVERSION = YES;
				CLANG_WARN_OBJC_ROOT_CLASS = YES_ERROR;
				CLANG_WARN_QUOTED_INCLUDE_IN_FRAMEWORK_HEADER = YES;
				CLANG_WARN_RANGE_LOOP_ANALYSIS = YES;
				CLANG_WARN_STRICT_PROTOTYPES = YES;
				CLANG_WARN_SUSPICIOUS_MOVE = YES;
				CLANG_WARN_UNGUARDED_AVAILABILITY = YES_AGGRESSIVE;
				CLANG_WARN_UNREACHABLE_CODE = YES;
				CLANG_WARN__DUPLICATE_METHOD_MATCH = YES;
				COPY_PHASE_STRIP = NO;
				DEBUG_INFORMATION_FORMAT = dwarf;
				ENABLE_STRICT_OBJC_MSGSEND = YES;
				ENABLE_TESTABILITY = YES;
				GCC_C_LANGUAGE_STANDARD = gnu11;
				GCC_DYNAMIC_NO_PIC = NO;
				GCC_NO_COMMON_BLOCKS = YES;
				GCC_OPTIMIZATION_LEVEL = 0;
				GCC_PREPROCESSOR_DEFINITIONS = (
					"DEBUG=1",
					"$(inherited)",
				);
				GCC_WARN_64_TO_32_BIT_CONVERSION = YES;
				GCC_WARN_ABOUT_RETURN_TYPE = YES_ERROR;
				GCC_WARN_UNDECLARED_SELECTOR = YES;
				GCC_WARN_UNINITIALIZED_AUTOS = YES_AGGRESSIVE;
				GCC_WARN_UNUSED_FUNCTION = YES;
				GCC_WARN_UNUSED_VARIABLE = YES;
				IPHONEOS_DEPLOYMENT_TARGET = 15.2;
				MTL_ENABLE_DEBUG_INFO = INCLUDE_SOURCE;
				MTL_FAST_MATH = YES;
				ONLY_ACTIVE_ARCH = YES;
				SDKROOT = iphoneos;
				SWIFT_ACTIVE_COMPILATION_CONDITIONS = DEBUG;
				SWIFT_OPTIMIZATION_LEVEL = "-Onone";
			};
			name = Debug;
		};
		E4F3896227BCE35C00B2ECEF /* Release */ = {
			isa = XCBuildConfiguration;
			buildSettings = {
				ALWAYS_SEARCH_USER_PATHS = NO;
				CLANG_ANALYZER_NONNULL = YES;
				CLANG_ANALYZER_NUMBER_OBJECT_CONVERSION = YES_AGGRESSIVE;
				CLANG_CXX_LANGUAGE_STANDARD = "gnu++17";
				CLANG_CXX_LIBRARY = "libc++";
				CLANG_ENABLE_MODULES = YES;
				CLANG_ENABLE_OBJC_ARC = YES;
				CLANG_ENABLE_OBJC_WEAK = YES;
				CLANG_WARN_BLOCK_CAPTURE_AUTORELEASING = YES;
				CLANG_WARN_BOOL_CONVERSION = YES;
				CLANG_WARN_COMMA = YES;
				CLANG_WARN_CONSTANT_CONVERSION = YES;
				CLANG_WARN_DEPRECATED_OBJC_IMPLEMENTATIONS = YES;
				CLANG_WARN_DIRECT_OBJC_ISA_USAGE = YES_ERROR;
				CLANG_WARN_DOCUMENTATION_COMMENTS = YES;
				CLANG_WARN_EMPTY_BODY = YES;
				CLANG_WARN_ENUM_CONVERSION = YES;
				CLANG_WARN_INFINITE_RECURSION = YES;
				CLANG_WARN_INT_CONVERSION = YES;
				CLANG_WARN_NON_LITERAL_NULL_CONVERSION = YES;
				CLANG_WARN_OBJC_IMPLICIT_RETAIN_SELF = YES;
				CLANG_WARN_OBJC_LITERAL_CONVERSION = YES;
				CLANG_WARN_OBJC_ROOT_CLASS = YES_ERROR;
				CLANG_WARN_QUOTED_INCLUDE_IN_FRAMEWORK_HEADER = YES;
				CLANG_WARN_RANGE_LOOP_ANALYSIS = YES;
				CLANG_WARN_STRICT_PROTOTYPES = YES;
				CLANG_WARN_SUSPICIOUS_MOVE = YES;
				CLANG_WARN_UNGUARDED_AVAILABILITY = YES_AGGRESSIVE;
				CLANG_WARN_UNREACHABLE_CODE = YES;
				CLANG_WARN__DUPLICATE_METHOD_MATCH = YES;
				COPY_PHASE_STRIP = NO;
				DEBUG_INFORMATION_FORMAT = "dwarf-with-dsym";
				ENABLE_NS_ASSERTIONS = NO;
				ENABLE_STRICT_OBJC_MSGSEND = YES;
				GCC_C_LANGUAGE_STANDARD = gnu11;
				GCC_NO_COMMON_BLOCKS = YES;
				GCC_WARN_64_TO_32_BIT_CONVERSION = YES;
				GCC_WARN_ABOUT_RETURN_TYPE = YES_ERROR;
				GCC_WARN_UNDECLARED_SELECTOR = YES;
				GCC_WARN_UNINITIALIZED_AUTOS = YES_AGGRESSIVE;
				GCC_WARN_UNUSED_FUNCTION = YES;
				GCC_WARN_UNUSED_VARIABLE = YES;
				IPHONEOS_DEPLOYMENT_TARGET = 15.2;
				MTL_ENABLE_DEBUG_INFO = NO;
				MTL_FAST_MATH = YES;
				SDKROOT = iphoneos;
				SWIFT_COMPILATION_MODE = wholemodule;
				SWIFT_OPTIMIZATION_LEVEL = "-O";
				VALIDATE_PRODUCT = YES;
			};
			name = Release;
		};
		E4F3896427BCE35C00B2ECEF /* Debug */ = {
			isa = XCBuildConfiguration;
			buildSettings = {
				ASSETCATALOG_COMPILER_APPICON_NAME = AppIcon;
				ASSETCATALOG_COMPILER_GLOBAL_ACCENT_COLOR_NAME = AccentColor;
				CODE_SIGN_STYLE = Automatic;
				CURRENT_PROJECT_VERSION = 1;
				DEVELOPMENT_TEAM = WHP9Z6BC8S;
				GENERATE_INFOPLIST_FILE = YES;
				INFOPLIST_FILE = "Github-Followers/SupportingFiles/Info.plist";
				INFOPLIST_KEY_UIApplicationSupportsIndirectInputEvents = YES;
				INFOPLIST_KEY_UILaunchStoryboardName = LaunchScreen;
				INFOPLIST_KEY_UISupportedInterfaceOrientations = UIInterfaceOrientationPortrait;
				INFOPLIST_KEY_UISupportedInterfaceOrientations_iPad = "UIInterfaceOrientationPortrait UIInterfaceOrientationPortraitUpsideDown UIInterfaceOrientationLandscapeLeft UIInterfaceOrientationLandscapeRight";
				INFOPLIST_KEY_UISupportedInterfaceOrientations_iPhone = "UIInterfaceOrientationPortrait UIInterfaceOrientationLandscapeLeft UIInterfaceOrientationLandscapeRight";
				LD_RUNPATH_SEARCH_PATHS = (
					"$(inherited)",
					"@executable_path/Frameworks",
				);
				MARKETING_VERSION = 1.0;
				PRODUCT_BUNDLE_IDENTIFIER = "zeljkolucic.Github-Followers";
				PRODUCT_NAME = "$(TARGET_NAME)";
				SWIFT_EMIT_LOC_STRINGS = YES;
				SWIFT_VERSION = 5.0;
				TARGETED_DEVICE_FAMILY = 1;
			};
			name = Debug;
		};
		E4F3896527BCE35C00B2ECEF /* Release */ = {
			isa = XCBuildConfiguration;
			buildSettings = {
				ASSETCATALOG_COMPILER_APPICON_NAME = AppIcon;
				ASSETCATALOG_COMPILER_GLOBAL_ACCENT_COLOR_NAME = AccentColor;
				CODE_SIGN_STYLE = Automatic;
				CURRENT_PROJECT_VERSION = 1;
				DEVELOPMENT_TEAM = WHP9Z6BC8S;
				GENERATE_INFOPLIST_FILE = YES;
				INFOPLIST_FILE = "Github-Followers/SupportingFiles/Info.plist";
				INFOPLIST_KEY_UIApplicationSupportsIndirectInputEvents = YES;
				INFOPLIST_KEY_UILaunchStoryboardName = LaunchScreen;
				INFOPLIST_KEY_UISupportedInterfaceOrientations = UIInterfaceOrientationPortrait;
				INFOPLIST_KEY_UISupportedInterfaceOrientations_iPad = "UIInterfaceOrientationPortrait UIInterfaceOrientationPortraitUpsideDown UIInterfaceOrientationLandscapeLeft UIInterfaceOrientationLandscapeRight";
				INFOPLIST_KEY_UISupportedInterfaceOrientations_iPhone = "UIInterfaceOrientationPortrait UIInterfaceOrientationLandscapeLeft UIInterfaceOrientationLandscapeRight";
				LD_RUNPATH_SEARCH_PATHS = (
					"$(inherited)",
					"@executable_path/Frameworks",
				);
				MARKETING_VERSION = 1.0;
				PRODUCT_BUNDLE_IDENTIFIER = "zeljkolucic.Github-Followers";
				PRODUCT_NAME = "$(TARGET_NAME)";
				SWIFT_EMIT_LOC_STRINGS = YES;
				SWIFT_VERSION = 5.0;
				TARGETED_DEVICE_FAMILY = 1;
			};
			name = Release;
		};
/* End XCBuildConfiguration section */

/* Begin XCConfigurationList section */
		E4F3894A27BCE35B00B2ECEF /* Build configuration list for PBXProject "Github-Followers" */ = {
			isa = XCConfigurationList;
			buildConfigurations = (
				E4F3896127BCE35C00B2ECEF /* Debug */,
				E4F3896227BCE35C00B2ECEF /* Release */,
			);
			defaultConfigurationIsVisible = 0;
			defaultConfigurationName = Release;
		};
		E4F3896327BCE35C00B2ECEF /* Build configuration list for PBXNativeTarget "Github-Followers" */ = {
			isa = XCConfigurationList;
			buildConfigurations = (
				E4F3896427BCE35C00B2ECEF /* Debug */,
				E4F3896527BCE35C00B2ECEF /* Release */,
			);
			defaultConfigurationIsVisible = 0;
			defaultConfigurationName = Release;
		};
/* End XCConfigurationList section */
	};
	rootObject = E4F3894727BCE35B00B2ECEF /* Project object */;
}
